lockfileVersion: '9.0'

settings:
  autoInstallPeers: true
  excludeLinksFromLockfile: false

importers:

  .:
    dependencies:
      '@ai-sdk/openai':
        specifier: ^3.0.21
        version: 3.0.21(zod@4.3.6)
      '@ai-sdk/react':
        specifier: ^3.0.60
        version: 3.0.60(react@19.2.4)(zod@4.3.6)
      ai:
        specifier: ^6.0.58
        version: 6.0.58(zod@4.3.6)

packages:

  '@ai-sdk/gateway@3.0.26':
    resolution: {integrity: sha512-VuxFq/EfzOJb1Rtl/S4F1HCuGK14uoGSCmeRsGmgpIPy16KwFwZ2N5tBhJqyJDlP5aIPlwQq47eUnMAlIslK3Q==}
    engines: {node: '>=18'}
    peerDependencies:
      zod: ^3.25.76 || ^4.1.8

  '@ai-sdk/openai@3.0.21':
    resolution: {integrity: sha512-6RzVqDNoJOptlMD4Wn9D2pZytiVgzeJSpm+E3Yvb2mO51CtklqhLmNur+DW2RpP/cGKgBDCbyns3yoJUd1hIhQ==}
    engines: {node: '>=18'}
    peerDependencies:
      zod: ^3.25.76 || ^4.1.8

  '@ai-sdk/provider-utils@4.0.10':
    resolution: {integrity: sha512-VeDAiCH+ZK8Xs4hb9Cw7pHlujWNL52RKe8TExOkrw6Ir1AmfajBZTb9XUdKOZO08RwQElIKA8+Ltm+Gqfo8djQ==}
    engines: {node: '>=18'}
    peerDependencies:
      zod: ^3.25.76 || ^4.1.8

  '@ai-sdk/provider@3.0.5':
    resolution: {integrity: sha512-2Xmoq6DBJqmSl80U6V9z5jJSJP7ehaJJQMy2iFUqTay06wdCqTnPVBBQbtEL8RCChenL+q5DC5H5WzU3vV3v8w==}
    engines: {node: '>=18'}

  '@ai-sdk/react@3.0.60':
    resolution: {integrity: sha512-1MvQpQvGn3/VXBrqZyQVqITC6KgMdeoaHHzT6SAZ/5RC9y3A5q8NhSOa6uBLRs3tYHADxNriV0w38dLNH/CYlA==}
    engines: {node: '>=18'}
    peerDependencies:
      react: ^18 || ~19.0.1 || ~19.1.2 || ^19.2.1

  '@opentelemetry/api@1.9.0':
    resolution: {integrity: sha512-3giAOQvZiH5F9bMlMiv8+GSPMeqg0dbaeo58/0SlA9sxSqZhnUtxzX9/2FzyhS9sWQf5S0GJE0AKBrFqjpeYcg==}
    engines: {node: '>=8.0.0'}

  '@standard-schema/spec@1.1.0':
    resolution: {integrity: sha512-l2aFy5jALhniG5HgqrD6jXLi/rUWrKvqN/qJx6yoJsgKhblVd+iqqU4RCXavm/jPityDo5TCvKMnpjKnOriy0w==}

  '@vercel/oidc@3.1.0':
    resolution: {integrity: sha512-Fw28YZpRnA3cAHHDlkt7xQHiJ0fcL+NRcIqsocZQUSmbzeIKRpwttJjik5ZGanXP+vlA4SbTg+AbA3bP363l+w==}
    engines: {node: '>= 20'}

  ai@6.0.58:
    resolution: {integrity: sha512-uuDszl78AfqWYD0jbd/L9ct3JGLKbKgmrQu1PaSiI2a9HYA1o9CAGUp0O7NTOcQbiyqiUSrn8JjgnxiEbCkNgw==}
    engines: {node: '>=18'}
    peerDependencies:
      zod: ^3.25.76 || ^4.1.8

  dequal@2.0.3:
    resolution: {integrity: sha512-0je+qPKHEMohvfRTCEo3CrPG6cAzAYgmzKyxRiYSSDkS6eGJdyVJm7WaYA5ECaAD9wLB2T4EEeymA5aFVcYXCA==}
    engines: {node: '>=6'}

  eventsource-parser@3.0.6:
    resolution: {integrity: sha512-Vo1ab+QXPzZ4tCa8SwIHJFaSzy4R6SHf7BY79rFBDf0idraZWAkYrDjDj8uWaSm3S2TK+hJ7/t1CEmZ7jXw+pg==}
    engines: {node: '>=18.0.0'}

  json-schema@0.4.0:
    resolution: {integrity: sha512-es94M3nTIfsEPisRafak+HDLfHXnKBhV3vU5eqPcS3flIWqcxJWgXHXiey3YrpaNsanY5ei1VoYEbOzijuq9BA==}

  react@19.2.4:
    resolution: {integrity: sha512-9nfp2hYpCwOjAN+8TZFGhtWEwgvWHXqESH8qT89AT/lWklpLON22Lc8pEtnpsZz7VmawabSU0gCjnj8aC0euHQ==}
    engines: {node: '>=0.10.0'}

  swr@2.3.8:
    resolution: {integrity: sha512-gaCPRVoMq8WGDcWj9p4YWzCMPHzE0WNl6W8ADIx9c3JBEIdMkJGMzW+uzXvxHMltwcYACr9jP+32H8/hgwMR7w==}
    peerDependencies:
      react: ^16.11.0 || ^17.0.0 || ^18.0.0 || ^19.0.0

  throttleit@2.1.0:
    resolution: {integrity: sha512-nt6AMGKW1p/70DF/hGBdJB57B8Tspmbp5gfJ8ilhLnt7kkr2ye7hzD6NVG8GGErk2HWF34igrL2CXmNIkzKqKw==}
    engines: {node: '>=18'}

  use-sync-external-store@1.6.0:
    resolution: {integrity: sha512-Pp6GSwGP/NrPIrxVFAIkOQeyw8lFenOHijQWkUTrDvrF4ALqylP2C/KCkeS9dpUM3KvYRQhna5vt7IL95+ZQ9w==}
    peerDependencies:
      react: ^16.8.0 || ^17.0.0 || ^18.0.0 || ^19.0.0

  zod@4.3.6:
    resolution: {integrity: sha512-rftlrkhHZOcjDwkGlnUtZZkvaPHCsDATp4pGpuOOMDaTdDDXF91wuVDJoWoPsKX/3YPQ5fHuF3STjcYyKr+Qhg==}

snapshots:

  '@ai-sdk/gateway@3.0.26(zod@4.3.6)':
    dependencies:
      '@ai-sdk/provider': 3.0.5
      '@ai-sdk/provider-utils': 4.0.10(zod@4.3.6)
      '@vercel/oidc': 3.1.0
      zod: 4.3.6

  '@ai-sdk/openai@3.0.21(zod@4.3.6)':
    dependencies:
      '@ai-sdk/provider': 3.0.5
      '@ai-sdk/provider-utils': 4.0.10(zod@4.3.6)
      zod: 4.3.6

  '@ai-sdk/provider-utils@4.0.10(zod@4.3.6)':
    dependencies:
      '@ai-sdk/provider': 3.0.5
      '@standard-schema/spec': 1.1.0
      eventsource-parser: 3.0.6
      zod: 4.3.6

  '@ai-sdk/provider@3.0.5':
    dependencies:
      json-schema: 0.4.0

  '@ai-sdk/react@3.0.60(react@19.2.4)(zod@4.3.6)':
    dependencies:
      '@ai-sdk/provider-utils': 4.0.10(zod@4.3.6)
      ai: 6.0.58(zod@4.3.6)
      react: 19.2.4
      swr: 2.3.8(react@19.2.4)
      throttleit: 2.1.0
    transitivePeerDependencies:
      - zod

  '@opentelemetry/api@1.9.0': {}

  '@standard-schema/spec@1.1.0': {}

  '@vercel/oidc@3.1.0': {}

  ai@6.0.58(zod@4.3.6):
    dependencies:
      '@ai-sdk/gateway': 3.0.26(zod@4.3.6)
      '@ai-sdk/provider': 3.0.5
      '@ai-sdk/provider-utils': 4.0.10(zod@4.3.6)
      '@opentelemetry/api': 1.9.0
      zod: 4.3.6

  dequal@2.0.3: {}

  eventsource-parser@3.0.6: {}

  json-schema@0.4.0: {}

  react@19.2.4: {}

  swr@2.3.8(react@19.2.4):
    dependencies:
      dequal: 2.0.3
      react: 19.2.4
      use-sync-external-store: 1.6.0(react@19.2.4)

  throttleit@2.1.0: {}

  use-sync-external-store@1.6.0(react@19.2.4):
    dependencies:
      react: 19.2.4

  zod@4.3.6: {}
